// !$*UTF8*$!
{
	archiveVersion = 1;
	classes = {
	};
	objectVersion = 50;
	objects = {

/* Begin PBXBuildFile section */
		CE563AF4247934FF00702BDF /* AppDelegate.swift in Sources */ = {isa = PBXBuildFile; fileRef = CE563AF3247934FF00702BDF /* AppDelegate.swift */; };
		CE563AF6247934FF00702BDF /* SceneDelegate.swift in Sources */ = {isa = PBXBuildFile; fileRef = CE563AF5247934FF00702BDF /* SceneDelegate.swift */; };
		CE563AF8247934FF00702BDF /* ViewController.swift in Sources */ = {isa = PBXBuildFile; fileRef = CE563AF7247934FF00702BDF /* ViewController.swift */; };
		CE563AFB247934FF00702BDF /* Main.storyboard in Resources */ = {isa = PBXBuildFile; fileRef = CE563AF9247934FF00702BDF /* Main.storyboard */; };
		CE563AFD247934FF00702BDF /* Assets.xcassets in Resources */ = {isa = PBXBuildFile; fileRef = CE563AFC247934FF00702BDF /* Assets.xcassets */; };
		CE563B00247934FF00702BDF /* LaunchScreen.storyboard in Resources */ = {isa = PBXBuildFile; fileRef = CE563AFE247934FF00702BDF /* LaunchScreen.storyboard */; };
		CE563B082479363F00702BDF /* README.md in Resources */ = {isa = PBXBuildFile; fileRef = CE563B072479363F00702BDF /* README.md */; };
		CE8AA0922484A9280077E5F5 /* WeatherManager.swift in Sources */ = {isa = PBXBuildFile; fileRef = CE8AA0912484A9280077E5F5 /* WeatherManager.swift */; };
		CE8AA0942484B5CF0077E5F5 /* WeatherData.swift in Sources */ = {isa = PBXBuildFile; fileRef = CE8AA0932484B5CF0077E5F5 /* WeatherData.swift */; };
/* End PBXBuildFile section */

/* Begin PBXFileReference section */
		CE563AF0247934FF00702BDF /* Clime.app */ = {isa = PBXFileReference; explicitFileType = wrapper.application; includeInIndex = 0; path = Clime.app; sourceTree = BUILT_PRODUCTS_DIR; };
		CE563AF3247934FF00702BDF /* AppDelegate.swift */ = {isa = PBXFileReference; lastKnownFileType = sourcecode.swift; path = AppDelegate.swift; sourceTree = "<group>"; };
		CE563AF5247934FF00702BDF /* SceneDelegate.swift */ = {isa = PBXFileReference; lastKnownFileType = sourcecode.swift; path = SceneDelegate.swift; sourceTree = "<group>"; };
		CE563AF7247934FF00702BDF /* ViewController.swift */ = {isa = PBXFileReference; lastKnownFileType = sourcecode.swift; path = ViewController.swift; sourceTree = "<group>"; };
		CE563AFA247934FF00702BDF /* Base */ = {isa = PBXFileReference; lastKnownFileType = file.storyboard; name = Base; path = Base.lproj/Main.storyboard; sourceTree = "<group>"; };
		CE563AFC247934FF00702BDF /* Assets.xcassets */ = {isa = PBXFileReference; lastKnownFileType = folder.assetcatalog; path = Assets.xcassets; sourceTree = "<group>"; };
		CE563AFF247934FF00702BDF /* Base */ = {isa = PBXFileReference; lastKnownFileType = file.storyboard; name = Base; path = Base.lproj/LaunchScreen.storyboard; sourceTree = "<group>"; };
		CE563B01247934FF00702BDF /* Info.plist */ = {isa = PBXFileReference; lastKnownFileType = text.plist.xml; path = Info.plist; sourceTree = "<group>"; };
		CE563B072479363F00702BDF /* README.md */ = {isa = PBXFileReference; fileEncoding = 4; lastKnownFileType = net.daringfireball.markdown; path = README.md; sourceTree = "<group>"; };
		CE8AA0912484A9280077E5F5 /* WeatherManager.swift */ = {isa = PBXFileReference; lastKnownFileType = sourcecode.swift; path = WeatherManager.swift; sourceTree = "<group>"; };
		CE8AA0932484B5CF0077E5F5 /* WeatherData.swift */ = {isa = PBXFileReference; lastKnownFileType = sourcecode.swift; path = WeatherData.swift; sourceTree = "<group>"; };
/* End PBXFileReference section */

/* Begin PBXFrameworksBuildPhase section */
		CE563AED247934FF00702BDF /* Frameworks */ = {
			isa = PBXFrameworksBuildPhase;
			buildActionMask = 2147483647;
			files = (
			);
			runOnlyForDeploymentPostprocessing = 0;
		};
/* End PBXFrameworksBuildPhase section */

/* Begin PBXGroup section */
		CE563AE7247934FF00702BDF = {
			isa = PBXGroup;
			children = (
				CE563B072479363F00702BDF /* README.md */,
				CE563AF2247934FF00702BDF /* Clime */,
				CE563AF1247934FF00702BDF /* Products */,
			);
			sourceTree = "<group>";
		};
		CE563AF1247934FF00702BDF /* Products */ = {
			isa = PBXGroup;
			children = (
				CE563AF0247934FF00702BDF /* Clime.app */,
			);
			name = Products;
			sourceTree = "<group>";
		};
		CE563AF2247934FF00702BDF /* Clime */ = {
			isa = PBXGroup;
			children = (
				CE563AF3247934FF00702BDF /* AppDelegate.swift */,
				CE8AA0902484A9040077E5F5 /* Model */,
				CE563AF5247934FF00702BDF /* SceneDelegate.swift */,
				CE8AA08E2484A7060077E5F5 /* Controllers */,
				CE8AA08F2484A7480077E5F5 /* View */,
				CE563AFC247934FF00702BDF /* Assets.xcassets */,
				CE563AFE247934FF00702BDF /* LaunchScreen.storyboard */,
				CE563B01247934FF00702BDF /* Info.plist */,
			);
			path = Clime;
			sourceTree = "<group>";
		};
		CE8AA08E2484A7060077E5F5 /* Controllers */ = {
			isa = PBXGroup;
			children = (
				CE563AF7247934FF00702BDF /* ViewController.swift */,
			);
			path = Controllers;
			sourceTree = "<group>";
		};
		CE8AA08F2484A7480077E5F5 /* View */ = {
			isa = PBXGroup;
			children = (
				CE563AF9247934FF00702BDF /* Main.storyboard */,
			);
			path = View;
			sourceTree = "<group>";
		};
		CE8AA0902484A9040077E5F5 /* Model */ = {
			isa = PBXGroup;
			children = (
				CE8AA0912484A9280077E5F5 /* WeatherManager.swift */,
				CE8AA0932484B5CF0077E5F5 /* WeatherData.swift */,
			);
			path = Model;
			sourceTree = "<group>";
		};
/* End PBXGroup section */

/* Begin PBXNativeTarget section */
		CE563AEF247934FF00702BDF /* Clime */ = {
			isa = PBXNativeTarget;
			buildConfigurationList = CE563B04247934FF00702BDF /* Build configuration list for PBXNativeTarget "Clime" */;
			buildPhases = (
				CE563AEC247934FF00702BDF /* Sources */,
				CE563AED247934FF00702BDF /* Frameworks */,
				CE563AEE247934FF00702BDF /* Resources */,
			);
			buildRules = (
			);
			dependencies = (
			);
			name = Clime;
			productName = Clime;
			productReference = CE563AF0247934FF00702BDF /* Clime.app */;
			productType = "com.apple.product-type.application";
		};
/* End PBXNativeTarget section */

/* Begin PBXProject section */
		CE563AE8247934FF00702BDF /* Project object */ = {
			isa = PBXProject;
			attributes = {
				LastSwiftUpdateCheck = 1140;
				LastUpgradeCheck = 1140;
				ORGANIZATIONNAME = Tino;
				TargetAttributes = {
					CE563AEF247934FF00702BDF = {
						CreatedOnToolsVersion = 11.4.1;
					};
				};
			};
			buildConfigurationList = CE563AEB247934FF00702BDF /* Build configuration list for PBXProject "Clime" */;
			compatibilityVersion = "Xcode 9.3";
			developmentRegion = en;
			hasScannedForEncodings = 0;
			knownRegions = (
				en,
				Base,
			);
			mainGroup = CE563AE7247934FF00702BDF;
			productRefGroup = CE563AF1247934FF00702BDF /* Products */;
			projectDirPath = "";
			projectRoot = "";
			targets = (
				CE563AEF247934FF00702BDF /* Clime */,
			);
		};
/* End PBXProject section */

/* Begin PBXResourcesBuildPhase section */
		CE563AEE247934FF00702BDF /* Resources */ = {
			isa = PBXResourcesBuildPhase;
			buildActionMask = 2147483647;
			files = (
				CE563B00247934FF00702BDF /* LaunchScreen.storyboard in Resources */,
				CE563AFD247934FF00702BDF /* Assets.xcassets in Resources */,
				CE563B082479363F00702BDF /* README.md in Resources */,
				CE563AFB247934FF00702BDF /* Main.storyboard in Resources */,
			);
			runOnlyForDeploymentPostprocessing = 0;
		};
/* End PBXResourcesBuildPhase section */

/* Begin PBXSourcesBuildPhase section */
		CE563AEC247934FF00702BDF /* Sources */ = {
			isa = PBXSourcesBuildPhase;
			buildActionMask = 2147483647;
			files = (
				CE563AF8247934FF00702BDF /* ViewController.swift in Sources */,
				CE8AA0942484B5CF0077E5F5 /* WeatherData.swift in Sources */,
				CE563AF4247934FF00702BDF /* AppDelegate.swift in Sources */,
				CE8AA0922484A9280077E5F5 /* WeatherManager.swift in Sources */,
				CE563AF6247934FF00702BDF /* SceneDelegate.swift in Sources */,
			);
			runOnlyForDeploymentPostprocessing = 0;
		};
/* End PBXSourcesBuildPhase section */

/* Begin PBXVariantGroup section */
		CE563AF9247934FF00702BDF /* Main.storyboard */ = {
			isa = PBXVariantGroup;
			children = (
				CE563AFA247934FF00702BDF /* Base */,
			);
			name = Main.storyboard;
			sourceTree = "<group>";
		};
		CE563AFE247934FF00702BDF /* LaunchScreen.storyboard */ = {
			isa = PBXVariantGroup;
			children = (
				CE563AFF247934FF00702BDF /* Base */,
			);
			name = LaunchScreen.storyboard;
			sourceTree = "<group>";
		};
/* End PBXVariantGroup section */

/* Begin XCBuildConfiguration section */
		CE563B02247934FF00702BDF /* Debug */ = {
			isa = XCBuildConfiguration;
			buildSettings = {
				ALWAYS_SEARCH_USER_PATHS = NO;
				CLANG_ANALYZER_NONNULL = YES;
				CLANG_ANALYZER_NUMBER_OBJECT_CONVERSION = YES_AGGRESSIVE;
				CLANG_CXX_LANGUAGE_STANDARD = "gnu++14";
				CLANG_CXX_LIBRARY = "libc++";
				CLANG_ENABLE_MODULES = YES;
				CLANG_ENABLE_OBJC_ARC = YES;
				CLANG_ENABLE_OBJC_WEAK = YES;
				CLANG_WARN_BLOCK_CAPTURE_AUTORELEASING = YES;
				CLANG_WARN_BOOL_CONVERSION = YES;
				CLANG_WARN_COMMA = YES;
				CLANG_WARN_CONSTANT_CONVERSION = YES;
				CLANG_WARN_DEPRECATED_OBJC_IMPLEMENTATIONS = YES;
				CLANG_WARN_DIRECT_OBJC_ISA_USAGE = YES_ERROR;
				CLANG_WARN_DOCUMENTATION_COMMENTS = YES;
				CLANG_WARN_EMPTY_BODY = YES;
				CLANG_WARN_ENUM_CONVERSION = YES;
				CLANG_WARN_INFINITE_RECURSION = YES;
				CLANG_WARN_INT_CONVERSION = YES;
				CLANG_WARN_NON_LITERAL_NULL_CONVERSION = YES;
				CLANG_WARN_OBJC_IMPLICIT_RETAIN_SELF = YES;
				CLANG_WARN_OBJC_LITERAL_CONVERSION = YES;
				CLANG_WARN_OBJC_ROOT_CLASS = YES_ERROR;
				CLANG_WARN_RANGE_LOOP_ANALYSIS = YES;
				CLANG_WARN_STRICT_PROTOTYPES = YES;
				CLANG_WARN_SUSPICIOUS_MOVE = YES;
				CLANG_WARN_UNGUARDED_AVAILABILITY = YES_AGGRESSIVE;
				CLANG_WARN_UNREACHABLE_CODE = YES;
				CLANG_WARN__DUPLICATE_METHOD_MATCH = YES;
				COPY_PHASE_STRIP = NO;
				DEBUG_INFORMATION_FORMAT = dwarf;
				ENABLE_STRICT_OBJC_MSGSEND = YES;
				ENABLE_TESTABILITY = YES;
				GCC_C_LANGUAGE_STANDARD = gnu11;
				GCC_DYNAMIC_NO_PIC = NO;
				GCC_NO_COMMON_BLOCKS = YES;
				GCC_OPTIMIZATION_LEVEL = 0;
				GCC_PREPROCESSOR_DEFINITIONS = (
					"DEBUG=1",
					"$(inherited)",
				);
				GCC_WARN_64_TO_32_BIT_CONVERSION = YES;
				GCC_WARN_ABOUT_RETURN_TYPE = YES_ERROR;
				GCC_WARN_UNDECLARED_SELECTOR = YES;
				GCC_WARN_UNINITIALIZED_AUTOS = YES_AGGRESSIVE;
				GCC_WARN_UNUSED_FUNCTION = YES;
				GCC_WARN_UNUSED_VARIABLE = YES;
				IPHONEOS_DEPLOYMENT_TARGET = 13.4;
				MTL_ENABLE_DEBUG_INFO = INCLUDE_SOURCE;
				MTL_FAST_MATH = YES;
				ONLY_ACTIVE_ARCH = YES;
				SDKROOT = iphoneos;
				SWIFT_ACTIVE_COMPILATION_CONDITIONS = DEBUG;
				SWIFT_OPTIMIZATION_LEVEL = "-Onone";
			};
			name = Debug;
		};
		CE563B03247934FF00702BDF /* Release */ = {
			isa = XCBuildConfiguration;
			buildSettings = {
				ALWAYS_SEARCH_USER_PATHS = NO;
				CLANG_ANALYZER_NONNULL = YES;
				CLANG_ANALYZER_NUMBER_OBJECT_CONVERSION = YES_AGGRESSIVE;
				CLANG_CXX_LANGUAGE_STANDARD = "gnu++14";
				CLANG_CXX_LIBRARY = "libc++";
				CLANG_ENABLE_MODULES = YES;
				CLANG_ENABLE_OBJC_ARC = YES;
				CLANG_ENABLE_OBJC_WEAK = YES;
				CLANG_WARN_BLOCK_CAPTURE_AUTORELEASING = YES;
				CLANG_WARN_BOOL_CONVERSION = YES;
				CLANG_WARN_COMMA = YES;
				CLANG_WARN_CONSTANT_CONVERSION = YES;
				CLANG_WARN_DEPRECATED_OBJC_IMPLEMENTATIONS = YES;
				CLANG_WARN_DIRECT_OBJC_ISA_USAGE = YES_ERROR;
				CLANG_WARN_DOCUMENTATION_COMMENTS = YES;
				CLANG_WARN_EMPTY_BODY = YES;
				CLANG_WARN_ENUM_CONVERSION = YES;
				CLANG_WARN_INFINITE_RECURSION = YES;
				CLANG_WARN_INT_CONVERSION = YES;
				CLANG_WARN_NON_LITERAL_NULL_CONVERSION = YES;
				CLANG_WARN_OBJC_IMPLICIT_RETAIN_SELF = YES;
				CLANG_WARN_OBJC_LITERAL_CONVERSION = YES;
				CLANG_WARN_OBJC_ROOT_CLASS = YES_ERROR;
				CLANG_WARN_RANGE_LOOP_ANALYSIS = YES;
				CLANG_WARN_STRICT_PROTOTYPES = YES;
				CLANG_WARN_SUSPICIOUS_MOVE = YES;
				CLANG_WARN_UNGUARDED_AVAILABILITY = YES_AGGRESSIVE;
				CLANG_WARN_UNREACHABLE_CODE = YES;
				CLANG_WARN__DUPLICATE_METHOD_MATCH = YES;
				COPY_PHASE_STRIP = NO;
				DEBUG_INFORMATION_FORMAT = "dwarf-with-dsym";
				ENABLE_NS_ASSERTIONS = NO;
				ENABLE_STRICT_OBJC_MSGSEND = YES;
				GCC_C_LANGUAGE_STANDARD = gnu11;
				GCC_NO_COMMON_BLOCKS = YES;
				GCC_WARN_64_TO_32_BIT_CONVERSION = YES;
				GCC_WARN_ABOUT_RETURN_TYPE = YES_ERROR;
				GCC_WARN_UNDECLARED_SELECTOR = YES;
				GCC_WARN_UNINITIALIZED_AUTOS = YES_AGGRESSIVE;
				GCC_WARN_UNUSED_FUNCTION = YES;
				GCC_WARN_UNUSED_VARIABLE = YES;
				IPHONEOS_DEPLOYMENT_TARGET = 13.4;
				MTL_ENABLE_DEBUG_INFO = NO;
				MTL_FAST_MATH = YES;
				SDKROOT = iphoneos;
				SWIFT_COMPILATION_MODE = wholemodule;
				SWIFT_OPTIMIZATION_LEVEL = "-O";
				VALIDATE_PRODUCT = YES;
			};
			name = Release;
		};
		CE563B05247934FF00702BDF /* Debug */ = {
			isa = XCBuildConfiguration;
			buildSettings = {
				ASSETCATALOG_COMPILER_APPICON_NAME = AppIcon;
				CODE_SIGN_STYLE = Automatic;
				DEVELOPMENT_TEAM = ZA95764657;
				INFOPLIST_FILE = Clime/Info.plist;
				LD_RUNPATH_SEARCH_PATHS = (
					"$(inherited)",
					"@executable_path/Frameworks",
				);
				PRODUCT_BUNDLE_IDENTIFIER = com.tinomanyaya.Clime;
				PRODUCT_NAME = "$(TARGET_NAME)";
				SWIFT_VERSION = 5.0;
				TARGETED_DEVICE_FAMILY = "1,2";
			};
			name = Debug;
		};
		CE563B06247934FF00702BDF /* Release */ = {
			isa = XCBuildConfiguration;
			buildSettings = {
				ASSETCATALOG_COMPILER_APPICON_NAME = AppIcon;
				CODE_SIGN_STYLE = Automatic;
				DEVELOPMENT_TEAM = ZA95764657;
				INFOPLIST_FILE = Clime/Info.plist;
				LD_RUNPATH_SEARCH_PATHS = (
					"$(inherited)",
					"@executable_path/Frameworks",
				);
				PRODUCT_BUNDLE_IDENTIFIER = com.tinomanyaya.Clime;
				PRODUCT_NAME = "$(TARGET_NAME)";
				SWIFT_VERSION = 5.0;
				TARGETED_DEVICE_FAMILY = "1,2";
			};
			name = Release;
		};
/* End XCBuildConfiguration section */

/* Begin XCConfigurationList section */
		CE563AEB247934FF00702BDF /* Build configuration list for PBXProject "Clime" */ = {
			isa = XCConfigurationList;
			buildConfigurations = (
				CE563B02247934FF00702BDF /* Debug */,
				CE563B03247934FF00702BDF /* Release */,
			);
			defaultConfigurationIsVisible = 0;
			defaultConfigurationName = Release;
		};
		CE563B04247934FF00702BDF /* Build configuration list for PBXNativeTarget "Clime" */ = {
			isa = XCConfigurationList;
			buildConfigurations = (
				CE563B05247934FF00702BDF /* Debug */,
				CE563B06247934FF00702BDF /* Release */,
			);
			defaultConfigurationIsVisible = 0;
			defaultConfigurationName = Release;
		};
/* End XCConfigurationList section */
	};
	rootObject = CE563AE8247934FF00702BDF /* Project object */;
}
